
Microsoft Visual Studio Solution File, Format Version 12.00
# Visual Studio 2012
Project("{FAE04EC0-301F-11D3-BF4B-00C04F79EFBC}") = "week3", "week3\week3.csproj", "{B72E87D5-C820-4823-9991-126A68C221FF}"
EndProject
Global
	GlobalSection(SolutionConfigurationPlatforms) = preSolution
		Debug|Any CPU = Debug|Any CPU
		Debug|ARM = Debug|ARM
		Debug|x64 = Debug|x64
		Debug|x86 = Debug|x86
		Release|Any CPU = Release|Any CPU
		Release|ARM = Release|ARM
		Release|x64 = Release|x64
		Release|x86 = Release|x86
	EndGlobalSection
	GlobalSection(ProjectConfigurationPlatforms) = postSolution
		{B72E87D5-C820-4823-9991-126A68C221FF}.Debug|Any CPU.ActiveCfg = Debug|Any CPU
		{B72E87D5-C820-4823-9991-126A68C221FF}.Debug|Any CPU.Build.0 = Debug|Any CPU
		{B72E87D5-C820-4823-9991-126A68C221FF}.Debug|Any CPU.Deploy.0 = Debug|Any CPU
		{B72E87D5-C820-4823-9991-126A68C221FF}.Debug|ARM.ActiveCfg = Debug|ARM
		{B72E87D5-C820-4823-9991-126A68C221FF}.Debug|ARM.Build.0 = Debug|ARM
		{B72E87D5-C820-4823-9991-126A68C221FF}.Debug|ARM.Deploy.0 = Debug|ARM
		{B72E87D5-C820-4823-9991-126A68C221FF}.Debug|x64.ActiveCfg = Debug|x64
		{B72E87D5-C820-4823-9991-126A68C221FF}.Debug|x64.Build.0 = Debug|x64
		{B72E87D5-C820-4823-9991-126A68C221FF}.Debug|x64.Deploy.0 = Debug|x64
		{B72E87D5-C820-4823-9991-126A68C221FF}.Debug|x86.ActiveCfg = Debug|x86
		{B72E87D5-C820-4823-9991-126A68C221FF}.Debug|x86.Build.0 = Debug|x86
		{B72E87D5-C820-4823-9991-126A68C221FF}.Debug|x86.Deploy.0 = Debug|x86
		{B72E87D5-C820-4823-9991-126A68C221FF}.Release|Any CPU.ActiveCfg = Release|Any CPU
		{B72E87D5-C820-4823-9991-126A68C221FF}.Release|Any CPU.Build.0 = Release|Any CPU
		{B72E87D5-C820-4823-9991-126A68C221FF}.Release|Any CPU.Deploy.0 = Release|Any CPU
		{B72E87D5-C820-4823-9991-126A68C221FF}.Release|ARM.ActiveCfg = Release|ARM
		{B72E87D5-C820-4823-9991-126A68C221FF}.Release|ARM.Build.0 = Release|ARM
		{B72E87D5-C820-4823-9991-126A68C221FF}.Release|ARM.Deploy.0 = Release|ARM
		{B72E87D5-C820-4823-9991-126A68C221FF}.Release|x64.ActiveCfg = Release|x64
		{B72E87D5-C820-4823-9991-126A68C221FF}.Release|x64.Build.0 = Release|x64
		{B72E87D5-C820-4823-9991-126A68C221FF}.Release|x64.Deploy.0 = Release|x64
		{B72E87D5-C820-4823-9991-126A68C221FF}.Release|x86.ActiveCfg = Release|x86
		{B72E87D5-C820-4823-9991-126A68C221FF}.Release|x86.Build.0 = Release|x86
		{B72E87D5-C820-4823-9991-126A68C221FF}.Release|x86.Deploy.0 = Release|x86
	EndGlobalSection
	GlobalSection(SolutionProperties) = preSolution
		HideSolutionNode = FALSE
	EndGlobalSection
EndGlobal
